# provision_id<TAB>sha256(pid + canonical sorted (rule_id, class) pairs)
# Severity intentionally excluded; this lock detects evidence staleness, not semantic coverage.
P0003b8f1	e07185e0413b2fa586d37935f3e250dec56cc2c14c1c2fa85aaa1fa179678d68
P03987db8	5f9466f6c5f4afda3eadccb64e5c0aed3f2e1a9770d785856e6bdfcae42ba8a3
P042ba79f	d970cb9f56f661b61f810f146fc132972a61bfb9f871fd8382daf2b46225afe4
P05d556b5	47791c0bec70e7c17944f0ed49a503a875fde5855dcbad05a50d8ed0083a88fc
P075bfafe	f1ec982c763cc793344e209ade650cef3589c6a23954cacf55182141586e3873
P0bb79a62	1cfd2afa0a4115e3ed9b6b2ef943af08f09f9306e6b5e94e2ba8400eded087cb
P0fa71358	e43d8312e7350fb7c1af1767e3a1d0e1953d22cb945a5179629cf51ed8e0ec97
P134a2d40	bcf589d4830ec509252044a2d6585729e57d6f940d623eb17438f830866f1a8b
P19ab03d5	b7f7f14c1eac2167f236be20cfe1ae66f48bab02a9cfd5f07542e8cfb885141d
P1afc582a	a94100530be0dc1f902712d98a54f83e1354ef445bdb51e69bbdf43f5d70c708
P1c390f1f	be338449dc9e66b40d455fddd8c349d3b421d97d28631dfd81980e3e6db0b9c0
P1d4947e7	b70961d0e5f9cf6a2f3d9fe98d3007a95103729bbfbc5ab941908e2b105cf4a7
P1d9a0191	4a6986a38585057cd2b7f76272d3e0886253bcf7c8344d26853653bb5f558f1e
P1efa6e43	d16d8df7f79a938c2c512cd4cceda3002af5e86c6d7441db09c8931b2d4ec08b
P20d92e6a	de226852b3853585907494dd76256e70ba0836024076e7fa26aa19d64054361b
P22458c92	f28996b70dec50780d329121cd6b53dbe0229f7f9649220c5b54b1a808beb6c4
P2264440d	31248bd04ff5361207b3b79d3f79bf77e32391988034ea08b94722108c1e7fcb
P24d95df2	b99c61667938dbfafbc4652ef55e3723dc3a2dd1d5ffd6f8c4940902e256c1c0
P257db6b1	9dc847429d71d7d06c3a1edb83ca79e149cd8f4c00dcb6fe28e4ceb41fbdf7a4
P278f9cc2	d66e74379304466ebf383cf78c3a1a9143e72cca8abf70597b4560c6d21feb4c
P285e1ced	7f4dafdb7c5624946b795fa9c2ccb85422321b04c4c618f17bfa002a536217ba
P28c5b709	88a60a1441238463419dedbff80f3d0f106c64294f8d4189f32b9275df2e320e
P28e9ee8a	2c535ead45d5f9379c2a754818ccb7aff51be5fe7b6459faa1b2c6d7e9669d90
P2a0dbcd7	74fe778b296c2658ee5123a42e77321dcaeb37cc7df6068472ff5192609a7049
P2c840d38	e50669dd1c448c6c5055bc880896665aafd997451ab2ab977c61fa63317caa4e
P2d2a4fe2	92ccbfd181674bf6d6b01c54956ab3e467d3d97db2f24e19c7260031297d8385
P2d5798e5	ffb4769269da955c32d8254fd4508403ba427ee331543230c418a866b83fc53f
P2de6ce3d	f1bb59c31e11755dbf82195eea7a1ce8c325cfad725477166af6f0f288d320a7
P2f283161	9b76863def912035fbfa708c4b19b6eac91396ce8f18c8aadbd3345393008c2f
P2f291c33	96d00465d61c81cf899aff39232b3f8e0a79145bcb2f6b84e5a3ec9ee7a78ebd
P2f6c441c	aaebbe8c6a4070c816e8e98552e77ad7f1d2a52bec0ccff00a26b88dca917c7c
P31c88c29	96ad72d4073db45699dbf8b2635030b564c6629b0d89ff0ec238c0ef6d7a725b
P38cd4e78	5880c3615b94aa57eda7bf7ff5172ce60d0b6b5dfc3998dfbe5cc346e01a402d
P3bb1febc	d72b583bdaa41bc5c9fa6017f3b9b86888962d9627472ed265a29da4f82293b6
P3e2e5c05	655f9d9cf82f8f1325cf9467eb92f58d57cc3542206c1bde42f529d6eaa5ee16
P4139d9ac	57ddf825f31b0c07815bbdf75cafc4a1eab89b16b0d702e8bea0cff8de6652c2
P419062b4	0326790e5ad354ccc8c865701727ef5dd7a7bdd6e6a5b5180fbd579da4f3666b
P4280b626	343db99c86c8c89cc9346d218cd349e53f269c4301584cb6f1554741ea57cf3b
P446972ca	07f7ea8193fcd1b4d74083bdd2388afd90391f04bfb0fb1707f3bed5458f3a6c
P4882cfae	cc62a16da91dcfe640097410754fa1fb855a440acad428c88dbe3ec9ee5d1ace
P4f2430ed	cbface4b130849fd18b5e491f1b2f83a61b23b993eedf64eab3045eb28fc0edb
P51a00951	507ff2cea777e93efb25decdb27722ddb3f3cb47cf41c45766e8a593bd34cb36
P536c3b95	0af6c046e2c96036b40ecbf214ba5fa4c86c86af16b0ea8cb24df7683b5d7b9b
P5409e4cb	54044b71f4240217b89e8cc07e0b041ab5915704c626dd43dd0e685c7b6ec03b
P5545f72a	687994f1b686061c410160fcc9719839e4869246ccec92ec417d507da23e79d0
P56388e97	a6872c5cfb7fdba59c64ad6d2eb2ae9f14b97164f96ef8ba038ff44d4a21eb6d
P585a24d4	51d865b69fb26467fb89501a1a920c820b8d8cdad6865c8e6d6a04b8e3be035c
P5885e3d5	0067c155b5f9f26031ea8dcbd5e169de738d600e8e3f209a45da0e128e89af10
P58b03291	099e878b3e978366f5c8584e5a1f2e7ef8b439b9654ebdc9e9cdf8053cf0a5ef
P5a1c0ffc	ee118ff957b593743f7d6d3489a2aae18d424c6ad0dda462eff823df6a1e62a9
P5a5cced5	33734d601c756a32ea50f6b5e3b90972c89161b8bcd074b55273ead9960ff89a
P5b7396a2	358cd8f0ff2c7df7c15fb89018e4c79e2816fbf3a90dfa9c2f37b3cc41a35d66
P5c565dc7	cef61222f51bff4c0f87a107b18ae051b6f4d5ce31f4962a68a025d68339cf85
P5db20825	d317b7fdbcc23cfa5719edef6045e28c5c21d7c1f411cf6f8943b7e1dd1e59ff
P5f72fb5a	582bedca345e6c1d697534235de105990e5c091a800d144536782d92e7bcab51
P608c78cf	a66c9f513eeb5c3b7f27b4a3444f9096874ec62d0517978943028efd16211645
P612a9dbf	54f27fc7972abce6e319d4ad38d46668effba36b243ab2d21adf9285e8622e6a
P63ebcd1c	cec5ac6c6cbcaff81278c3f597ca3d4d18d25f26eebf4c88fabed73650d51d58
P64e8ffb7	294ba963034e869b0ffa2ca82abdf330a2ca189b852fd6ddd90fb1994047df1c
P65f312f1	8b0ae5b3e0a17eda163614d62bb5b8596b9423bfd9ccda9140e33a66b07f880d
P67d6bd72	440e2db785a761447388f0b003b4d3289a836295024f747dd437126d9f5aee93
P698baeb3	fcd5d88da1d1eb4d736b9ab253546eb2a274a564d992f6704bbde9017c71ce83
P6fa9925a	1840d1f6960544b51d4469630db468aed5f5ac47c683c78247f90625c024f2b4
P706ade03	bdaa44d563a1b1d6c4e09210e9723cb909d09c4d313ed0ae2872a7c769d07b8a
P71943a6f	0f4741a92145e9fbdfff814f346b054060f8250fbc7628114d1670730a91f3e1
P71c9ce23	74ac54070f7cabcf725e224552f1d6f7a35a1d8ad21967d98908f96bd5cfe6c5
P770d4d86	2bab9888aa8cdb511377e0e289c1066fab7091b26cbd77a13911f9ae880f9fe7
P78b1b3e8	120ece9dc141eec183b9e27bbb20903ce08dc968da0c66fd7e9f2089d8772397
P7917f3c5	84ba8c48e89431a0331b00a2fd0d1ee30ba2b141d4e9ee399245b530418b9d01
P79f202e6	e9a3dbc70d2698632d8e6dad2319630ee2e781f9012c9eecee9993a71850cd31
P7b4083a2	01e404c8e5052f68817931b0f51965c0d1f0b24af67c160360c6c694ff7864a8
P7c9deec0	ef75aa01dede88f7ebfe86ab50eaa6de87e8ef94aff946749c5ccdcd922a2043
P7d083b18	5b7c06d200e21921c14160d0e2d7423086ec926395e06197e759ac9a3b14489d
P7d35adee	cb47ecacd432704cc7ce4fbd9893568915ec6d6e47c104e2195b1ac2768211de
P7e9096c8	6eb79796e7fe6aaffe4bd2a045c6207ebec29c121f71f8e2459274ee644e43db
P7f589103	a249a14b6b156dd79e73631dbc47b097bb796197aa4d864051ea66e5bc05d006
P8423efa1	573a9dceb987d9c735e120d1c31c55f60d8e45461cbaec15bbef1358d64d2673
P845d30d4	3ec1c1ffdca00d972c48b5a413878aa8b52de0fcb6e3cae6e60cb906108d87a2
P84671c38	589c1f8576532e5f0442f77087794306be06239ac4d03e9c43c4340433dcacd0
P86b889a8	e91c0b100dfdc30f9f1b08d740684ab5245ce3cd5d9d6f92ff4f10150e159d25
P8cc81b88	f546b2e98585dbcc429f1b4617868a3aed81bc947990c0a5dc99ba6138f5d5ac
P8e01aabc	bc44ec9f40689548cf125ee8d3a430bbce2eea1e9f82f06678f9630ccbc9a635
P9068b265	77412e087811117029062543b6b0f62ead4355b4bb418c1ff78060b16406b3cc
P91ff9ba5	ae075f1de3ce344317c5e4e6278186efb1327cef234747b78713a6521412c8e7
P9373b1fa	c1766825f3abc15f3826fd96f2c7196ff16c5a2f3f68c7db74836c8f083d317f
P985bdc2c	7894931fcc573e78ca974730682eff3e0c80a630f5ae981db4e4a4f93f0d543c
P9963363e	25b90c7b718684056256720c558babd62731be139d3c542f6ff219573d9eb59a
P99885c9f	9f2e84a6230e7e5e0a67a8c572cf058764c2ead0c2cca8d844756f3cf8a52d4e
P9c00a4c1	dc0b548e7a7afbe7405d7b7a8b0f7bf0edfbaf19920a87e61efe0d2e66c10001
P9ca98eaa	b3b70bf95c582f18167a96619a5b209003b008ddfb1e4efd5ca70634ebce6a32
P9cee47a9	f77f8b75995a32e97e0b2ab20ed2a5cfe99129ab46eb59256d8c97d03e1b2401
P9cf0fc58	cca8e5fcfd392c9b0dc4fae8c257b24e81ae310f0340b15342dd7640d82e741e
P9db18901	e3fbde9dfac0e9289558c7e620c9b357a9881c00ad941f3e835419c3503c6ca5
P9fb3b94e	f29e511eec210270d1c9bda0bae732b500f3d6ad1b9420da545ff2c917758e0c
Pa1fdaa0d	82b4dacc5da93c099d4297f4bdb76b78f1fa14fc12f10feeaf9a25a9c468ae10
Pa2eda5e0	36d5d3f9f7bfe0e2f1233412c472434c496478914ba4996f000cd2877ce26ad9
Pa4c60372	b3fa55819f4a1dc9ed505e814ad3151c27fb9da97a9eb7aa9224f22b51be2176
Pa586fe5b	2854f3cb0918aecb2cfb234a8091c1f1528b78105fae320bb7329657802c4898
Pa99a9040	7a834e7dd93f2b20c8c0a18bad67b37e29ab53ce406340ad593bb7184c9cc428
Paa26a036	ad489d2d5764fa710f53cd9a283ec51c30dc4f443eaac417d9407a5817df6c2c
Pac2e68e4	7ed455160e43bbf667acc708f3ef6ab532601aa05469ac880845900507bb6df6
Pae80c9ab	1267138197ec6a13e841e96ac57bbc582c7eddd63cca9541b4209c133b1c11d6
Pb194db96	2723346f8ac4136c4eb66da6c4013a3f9c8a07e239bafa1e7d60d6748e6fa0ea
Pb9ee0cd1	a785ae6da92961866e02b320b12a2c50c8c42c26de56e4894fe77ca34493a0ae
Pbd495b4e	14da91f0a6959c2176b92934fd6865750bb3fcf8ca209e25c96b248b483cabb0
Pc0951256	cb413b2d13948636719b1c9b159d1470f19c10b1b4f11f98cde5301757fc9a22
Pc12c3c45	9324bb4e2a5bc12e497de5cb1fbc5a11155c2f2eea07cd705e990a3fbfe45f74
Pc13251f4	b1bdd9a30786f98ea65cd93072fdb338792dd53ea5dbb9dfdf0a4f9c25184af1
Pc17af87b	007c1af5e74fb2263d7452d97675de1fec96b36fd69adbc3c9980c076877f685
Pc1ed2281	8211b33ef1c12aabb4d7fa1bc17fb5d9e7ac2734573d755cd7befa210e310224
Pc2fcfe46	ac09913aa756d1c8e51d9cef4955a283eb791cc25ddf78138baaab9294ab55b7
Pc3b911a6	957db160fbe70cb4ca9c05508bdb2cf17fb775b4c4cf214223826a38f1607edd
Pc8bfc111	fb9322fedcc276970b7a53eca1f4300d6f826c5fc173a0b94ce6f875e1fa586a
Pcc1b72af	6b699f2ab3c42aca4b6b792380c3913ec565215d256c09739ea0afa789289531
Pcf0597aa	bc88e9adff4763caa4147d30a3b88572eae5aa4d7d0850d8a1978d65dd86b3c8
Pd236e553	4a2de1b52f6ccbd0cb45ed8cca5717ffe8b32b42c3e59ba54704aeac002a3e91
Pd59e5eaa	4276d687691e6f4edb47e2585db7f5c80091985664b46ae3309d749e2259396f
Pd63bf170	de5954aa226fb4358725076b975cf9f880d657b0ead024ad46c333445288644a
Pd6bc0278	18d1328e41c04455ef1e264643ab8905f96671642c98ca29a90ea402e52e2de8
Pd78aeee0	2f9fcd9307edaeddc159bc26f61e05ffff478c6af4b4e2a832b092ab9938e527
Pd84a0bcb	749a4f6070f304c37c5091da024e9c40aa3d15ed86b147c8af126b2f75685ab6
Pd90f72d8	0206e624ff97fd5e55c679082d47177646a19eb1ff61259f3eade4fcb241c59d
Pdb1fcb2a	2338510e1413e96e82125cae4d7ca6a744744fffc474ea7e8574e88c70e6fe0c
Pdb20f308	d3392ec7e8169bbe0261fa810ceff34396f448d3888a1770a0b3f59c176866ee
Pdc0b679c	1f4c87ccfaa10656a4344ebc40d927dc455c380fda30c5c5aac1a3889d730038
Pde6fb4a5	db1757f2df8bbc0620da55cd40187d6e0c5e59289a37f1a3f0460f43322a2017
Pe15614d2	00eb956e7561daf29d6e544c4ce9e1e26736194c4739b06a2eae19aa48673987
Pe929fc21	1da78e2ac5ad274d9ee001fc125e227edd6495448b96b0064fd3e0b06cc97a20
Pe9ff5c29	da31473b870dfca377448183a1912219ce1b66ddfef8a8c7c80a935325654bd5
Peb36dead	f65d2d282e68d12e97b98a0ea30724db18974bae40bdf3d2cd4f5794d3e17ec2
Pec6b6920	4b753c7ee24d4a2cd2091049e51718b9a56659b72008fc60aeb9a66ebd08806b
Pedaac477	1ee2299aab6dd5ea5529f6e2b7addfcac4b6cc835eab05c0d526c28ceaaf23a6
Pf1672264	d01deee8534861368902933872fbf5c75d22ea5a9daf2068f877fe1166a8c33c
Pf27a2fd0	c5bcbb463ac80fad95d5f47f882906e4cd803b94b840ac544b5454c307745a38
Pf2eca25e	d0150466b6abd29861ff9e4624ea065b000866cb103b80bb8e1723a6edee56d2
Pf42894d6	32add46ac00d1f06ae7153637fabeaabb89b2fa981b1a4c7f8141efab2940f86
Pf4e87f1d	c3b0b693b2416a7c604968de06ad9dd299883b945b9ae1d511b72dc3828b3f8f
Pf93f15ba	efbf93129c418cdb842228f23d38f1c8aa123c31ce6d3aef4f03b4394eca96d4
Pffdf614c	63aad40aa7b736b4be543ba9c5b86fc3e401a611c882a76d9341ebbb379eea65
